
Microsoft Visual Studio Solution File, Format Version 12.00
# Visual Studio Version 16
VisualStudioVersion = 16.0.30503.244
MinimumVisualStudioVersion = 10.0.40219.1
Project("{2150E333-8FDC-42A3-9474-1A3956D46DE8}") = "Project", "Project", "{9BFFC24E-CDE1-4CA4-9365-9225A676E8FD}"
EndProject
Project("{9A19103F-16F7-4668-BE54-9A1E7A4F7556}") = "DNCD.Project.Portal", "Project\DNCD.Project.Portal\DNCD.Project.Portal.csproj", "{83134514-3C84-4EF0-8840-C8E3DD35B893}"
EndProject
Project("{2150E333-8FDC-42A3-9474-1A3956D46DE8}") = "Services", "Services", "{A2D28D3F-A6E4-488C-8230-7DED698D527E}"
EndProject
Project("{2150E333-8FDC-42A3-9474-1A3956D46DE8}") = "API", "API", "{2FB74CD3-E2FB-4EE8-AEEC-C6CA21637687}"
EndProject
Project("{9A19103F-16F7-4668-BE54-9A1E7A4F7556}") = "DNCD.Service.API", "Services\API\DNCD.Service.API\DNCD.Service.API.csproj", "{99F5CA8B-E31D-4D8F-9FE7-92F52804E39A}"
EndProject
Project("{2150E333-8FDC-42A3-9474-1A3956D46DE8}") = "Data", "Data", "{3E8E2B90-E80F-418F-8107-CEE321BDDCF0}"
EndProject
Project("{2150E333-8FDC-42A3-9474-1A3956D46DE8}") = "Common", "Common", "{A0CC7A1E-54EC-4A68-9828-BCE787EA6858}"
EndProject
Project("{9A19103F-16F7-4668-BE54-9A1E7A4F7556}") = "DNCD.Data.DataAccess", "Data\DNCD.Data.DataAccess\DNCD.Data.DataAccess.csproj", "{1B3FD952-0EBD-4056-815D-2EE696440EF0}"
EndProject
Project("{9A19103F-16F7-4668-BE54-9A1E7A4F7556}") = "DNCD.Common.Base", "Common\DNCD.Common.Base\DNCD.Common.Base.csproj", "{F9B692B2-2A7C-44D5-A5BE-7054522B1C6A}"
EndProject
Project("{2150E333-8FDC-42A3-9474-1A3956D46DE8}") = "Features", "Features", "{E7582CD6-81A5-473B-8EC9-F27BD536303B}"
EndProject
Project("{9A19103F-16F7-4668-BE54-9A1E7A4F7556}") = "DNCD.Services.Features.Customer", "Services\Features\DNCD.Services.Features.Customer\DNCD.Services.Features.Customer.csproj", "{861DA917-9B52-4F03-9C57-3A7D173BB349}"
EndProject
Project("{FAE04EC0-301F-11D3-BF4B-00C04F79EFBC}") = "DNCD.Services.API.Proxy", "Services\API\DNCD.Services.API.Proxy\DNCD.Services.API.Proxy.csproj", "{8EF8C691-7E2A-4FF6-B4C1-549FA923A6B4}"
EndProject
Global
	GlobalSection(SolutionConfigurationPlatforms) = preSolution
		Debug|Any CPU = Debug|Any CPU
		Release|Any CPU = Release|Any CPU
	EndGlobalSection
	GlobalSection(ProjectConfigurationPlatforms) = postSolution
		{83134514-3C84-4EF0-8840-C8E3DD35B893}.Debug|Any CPU.ActiveCfg = Debug|Any CPU
		{83134514-3C84-4EF0-8840-C8E3DD35B893}.Debug|Any CPU.Build.0 = Debug|Any CPU
		{83134514-3C84-4EF0-8840-C8E3DD35B893}.Release|Any CPU.ActiveCfg = Release|Any CPU
		{83134514-3C84-4EF0-8840-C8E3DD35B893}.Release|Any CPU.Build.0 = Release|Any CPU
		{99F5CA8B-E31D-4D8F-9FE7-92F52804E39A}.Debug|Any CPU.ActiveCfg = Debug|Any CPU
		{99F5CA8B-E31D-4D8F-9FE7-92F52804E39A}.Debug|Any CPU.Build.0 = Debug|Any CPU
		{99F5CA8B-E31D-4D8F-9FE7-92F52804E39A}.Release|Any CPU.ActiveCfg = Release|Any CPU
		{99F5CA8B-E31D-4D8F-9FE7-92F52804E39A}.Release|Any CPU.Build.0 = Release|Any CPU
		{1B3FD952-0EBD-4056-815D-2EE696440EF0}.Debug|Any CPU.ActiveCfg = Debug|Any CPU
		{1B3FD952-0EBD-4056-815D-2EE696440EF0}.Debug|Any CPU.Build.0 = Debug|Any CPU
		{1B3FD952-0EBD-4056-815D-2EE696440EF0}.Release|Any CPU.ActiveCfg = Release|Any CPU
		{1B3FD952-0EBD-4056-815D-2EE696440EF0}.Release|Any CPU.Build.0 = Release|Any CPU
		{F9B692B2-2A7C-44D5-A5BE-7054522B1C6A}.Debug|Any CPU.ActiveCfg = Debug|Any CPU
		{F9B692B2-2A7C-44D5-A5BE-7054522B1C6A}.Debug|Any CPU.Build.0 = Debug|Any CPU
		{F9B692B2-2A7C-44D5-A5BE-7054522B1C6A}.Release|Any CPU.ActiveCfg = Release|Any CPU
		{F9B692B2-2A7C-44D5-A5BE-7054522B1C6A}.Release|Any CPU.Build.0 = Release|Any CPU
		{861DA917-9B52-4F03-9C57-3A7D173BB349}.Debug|Any CPU.ActiveCfg = Debug|Any CPU
		{861DA917-9B52-4F03-9C57-3A7D173BB349}.Debug|Any CPU.Build.0 = Debug|Any CPU
		{861DA917-9B52-4F03-9C57-3A7D173BB349}.Release|Any CPU.ActiveCfg = Release|Any CPU
		{861DA917-9B52-4F03-9C57-3A7D173BB349}.Release|Any CPU.Build.0 = Release|Any CPU
		{8EF8C691-7E2A-4FF6-B4C1-549FA923A6B4}.Debug|Any CPU.ActiveCfg = Debug|Any CPU
		{8EF8C691-7E2A-4FF6-B4C1-549FA923A6B4}.Debug|Any CPU.Build.0 = Debug|Any CPU
		{8EF8C691-7E2A-4FF6-B4C1-549FA923A6B4}.Release|Any CPU.ActiveCfg = Release|Any CPU
		{8EF8C691-7E2A-4FF6-B4C1-549FA923A6B4}.Release|Any CPU.Build.0 = Release|Any CPU
	EndGlobalSection
	GlobalSection(SolutionProperties) = preSolution
		HideSolutionNode = FALSE
	EndGlobalSection
	GlobalSection(NestedProjects) = preSolution
		{83134514-3C84-4EF0-8840-C8E3DD35B893} = {9BFFC24E-CDE1-4CA4-9365-9225A676E8FD}
		{2FB74CD3-E2FB-4EE8-AEEC-C6CA21637687} = {A2D28D3F-A6E4-488C-8230-7DED698D527E}
		{99F5CA8B-E31D-4D8F-9FE7-92F52804E39A} = {2FB74CD3-E2FB-4EE8-AEEC-C6CA21637687}
		{1B3FD952-0EBD-4056-815D-2EE696440EF0} = {3E8E2B90-E80F-418F-8107-CEE321BDDCF0}
		{F9B692B2-2A7C-44D5-A5BE-7054522B1C6A} = {A0CC7A1E-54EC-4A68-9828-BCE787EA6858}
		{E7582CD6-81A5-473B-8EC9-F27BD536303B} = {A2D28D3F-A6E4-488C-8230-7DED698D527E}
		{861DA917-9B52-4F03-9C57-3A7D173BB349} = {E7582CD6-81A5-473B-8EC9-F27BD536303B}
		{8EF8C691-7E2A-4FF6-B4C1-549FA923A6B4} = {2FB74CD3-E2FB-4EE8-AEEC-C6CA21637687}
	EndGlobalSection
	GlobalSection(ExtensibilityGlobals) = postSolution
		SolutionGuid = {D1BF68DD-0592-4A96-AD8F-201E2764F42D}
	EndGlobalSection
EndGlobal
